
Microsoft Visual Studio Solution File, Format Version 12.00
# Visual Studio Version 17
VisualStudioVersion = 17.13.35919.96
MinimumVisualStudioVersion = 10.0.40219.1
Project("{FAE04EC0-301F-11D3-BF4B-00C04F79EFBC}") = "GraphQL_CQRS", "BogusWithInMemoryDb\GraphQL_CQRS.csproj", "{B4F7DB2B-871F-45DD-AFCF-9D27A85E78DB}"
EndProject
Global
	GlobalSection(SolutionConfigurationPlatforms) = preSolution
		Debug|Any CPU = Debug|Any CPU
		Release|Any CPU = Release|Any CPU
	EndGlobalSection
	GlobalSection(ProjectConfigurationPlatforms) = postSolution
		{B4F7DB2B-871F-45DD-AFCF-9D27A85E78DB}.Debug|Any CPU.ActiveCfg = Debug|Any CPU
		{B4F7DB2B-871F-45DD-AFCF-9D27A85E78DB}.Debug|Any CPU.Build.0 = Debug|Any CPU
		{B4F7DB2B-871F-45DD-AFCF-9D27A85E78DB}.Release|Any CPU.ActiveCfg = Release|Any CPU
		{B4F7DB2B-871F-45DD-AFCF-9D27A85E78DB}.Release|Any CPU.Build.0 = Release|Any CPU
	EndGlobalSection
	GlobalSection(SolutionProperties) = preSolution
		HideSolutionNode = FALSE
	EndGlobalSection
	GlobalSection(ExtensibilityGlobals) = postSolution
		SolutionGuid = {2CE8B67C-A847-43FA-94D2-B4606C66617A}
	EndGlobalSection
EndGlobal
